
Microsoft Visual Studio Solution File, Format Version 12.00
# Visual Studio 2013
VisualStudioVersion = 12.0.31101.0
MinimumVisualStudioVersion = 10.0.40219.1
Project("{FAE04EC0-301F-11D3-BF4B-00C04F79EFBC}") = "GAEvents", "GAEvents.csproj", "{AFA84F58-9C85-41A2-A6D0-E40C86469736}"
EndProject
Project("{2150E333-8FDC-42A3-9474-1A3956D46DE8}") = ".nuget", ".nuget", "{BFEE71B8-CDC3-40A4-9D41-3E8DCBFEBAC3}"
	ProjectSection(SolutionItems) = preProject
		.nuget\NuGet.Config = .nuget\NuGet.Config
		.nuget\NuGet.exe = .nuget\NuGet.exe
		.nuget\NuGet.targets = .nuget\NuGet.targets
	EndProjectSection
EndProject
Global
	GlobalSection(SolutionConfigurationPlatforms) = preSolution
		Debug|Any CPU = Debug|Any CPU
		Release|Any CPU = Release|Any CPU
	EndGlobalSection
	GlobalSection(ProjectConfigurationPlatforms) = postSolution
		{AFA84F58-9C85-41A2-A6D0-E40C86469736}.Debug|Any CPU.ActiveCfg = Debug|Any CPU
		{AFA84F58-9C85-41A2-A6D0-E40C86469736}.Debug|Any CPU.Build.0 = Debug|Any CPU
		{AFA84F58-9C85-41A2-A6D0-E40C86469736}.Release|Any CPU.ActiveCfg = Release|Any CPU
		{AFA84F58-9C85-41A2-A6D0-E40C86469736}.Release|Any CPU.Build.0 = Release|Any CPU
	EndGlobalSection
	GlobalSection(SolutionProperties) = preSolution
		HideSolutionNode = FALSE
	EndGlobalSection
EndGlobal
